
Microsoft Visual Studio Solution File, Format Version 12.00
# Visual Studio Version 16
VisualStudioVersion = 16.0.31829.152
MinimumVisualStudioVersion = 10.0.40219.1
Project("{9A19103F-16F7-4668-BE54-9A1E7A4F7556}") = "myGameProject", "myGameProject.csproj", "{7C8CE02F-4FD7-47E6-9820-4B0DD00D74AD}"
EndProject
Global
	GlobalSection(SolutionConfigurationPlatforms) = preSolution
		Debug|Any CPU = Debug|Any CPU
		Release|Any CPU = Release|Any CPU
	EndGlobalSection
	GlobalSection(ProjectConfigurationPlatforms) = postSolution
		{7C8CE02F-4FD7-47E6-9820-4B0DD00D74AD}.Debug|Any CPU.ActiveCfg = Debug|Any CPU
		{7C8CE02F-4FD7-47E6-9820-4B0DD00D74AD}.Debug|Any CPU.Build.0 = Debug|Any CPU
		{7C8CE02F-4FD7-47E6-9820-4B0DD00D74AD}.Release|Any CPU.ActiveCfg = Release|Any CPU
		{7C8CE02F-4FD7-47E6-9820-4B0DD00D74AD}.Release|Any CPU.Build.0 = Release|Any CPU
	EndGlobalSection
	GlobalSection(SolutionProperties) = preSolution
		HideSolutionNode = FALSE
	EndGlobalSection
	GlobalSection(ExtensibilityGlobals) = postSolution
		SolutionGuid = {C542C8A9-2EFB-4E1B-B559-FE6A9BE86BA4}
	EndGlobalSection
EndGlobal
